// !$*UTF8*$!
{
	archiveVersion = 1;
	classes = {
	};
	objectVersion = 46;
	objects = {

/* Begin PBXBuildFile section */
		C99E906D1CB95D26001E70CC /* AppDelegate.swift in Sources */ = {isa = PBXBuildFile; fileRef = C99E906C1CB95D26001E70CC /* AppDelegate.swift */; };
		C99E906F1CB95D26001E70CC /* ViewController.swift in Sources */ = {isa = PBXBuildFile; fileRef = C99E906E1CB95D26001E70CC /* ViewController.swift */; };
		C99E90721CB95D26001E70CC /* Main.storyboard in Resources */ = {isa = PBXBuildFile; fileRef = C99E90701CB95D26001E70CC /* Main.storyboard */; };
		C99E90741CB95D26001E70CC /* Assets.xcassets in Resources */ = {isa = PBXBuildFile; fileRef = C99E90731CB95D26001E70CC /* Assets.xcassets */; };
		C99E90771CB95D26001E70CC /* LaunchScreen.storyboard in Resources */ = {isa = PBXBuildFile; fileRef = C99E90751CB95D26001E70CC /* LaunchScreen.storyboard */; };
		C9EB179E1CC837F400FD8EE0 /* SimpleAlertLib.framework in Frameworks */ = {isa = PBXBuildFile; fileRef = C9EB179D1CC837E300FD8EE0 /* SimpleAlertLib.framework */; };
/* End PBXBuildFile section */

/* Begin PBXContainerItemProxy section */
		C9EB179C1CC837E300FD8EE0 /* PBXContainerItemProxy */ = {
			isa = PBXContainerItemProxy;
			containerPortal = C9EB17981CC837E300FD8EE0 /* SimpleAlertLib.xcodeproj */;
			proxyType = 2;
			remoteGlobalIDString = C99E90931CB95E14001E70CC;
			remoteInfo = SimpleAlertLib;
		};
/* End PBXContainerItemProxy section */

/* Begin PBXCopyFilesBuildPhase section */
		C9AF7A011CC813B9005B266C /* CopyFiles */ = {
			isa = PBXCopyFilesBuildPhase;
			buildActionMask = 2147483647;
			dstPath = "";
			dstSubfolderSpec = 10;
			files = (
			);
			runOnlyForDeploymentPostprocessing = 0;
		};
/* End PBXCopyFilesBuildPhase section */

/* Begin PBXFileReference section */
		4D6078221694AE4FED3DF871 /* Pods_SimpleAlertExample.framework */ = {isa = PBXFileReference; explicitFileType = wrapper.framework; includeInIndex = 0; path = Pods_SimpleAlertExample.framework; sourceTree = BUILT_PRODUCTS_DIR; };
		C99E90691CB95D26001E70CC /* SimpleAlertExample.app */ = {isa = PBXFileReference; explicitFileType = wrapper.application; includeInIndex = 0; path = SimpleAlertExample.app; sourceTree = BUILT_PRODUCTS_DIR; };
		C99E906C1CB95D26001E70CC /* AppDelegate.swift */ = {isa = PBXFileReference; lastKnownFileType = sourcecode.swift; path = AppDelegate.swift; sourceTree = "<group>"; };
		C99E906E1CB95D26001E70CC /* ViewController.swift */ = {isa = PBXFileReference; lastKnownFileType = sourcecode.swift; path = ViewController.swift; sourceTree = "<group>"; };
		C99E90711CB95D26001E70CC /* Base */ = {isa = PBXFileReference; lastKnownFileType = file.storyboard; name = Base; path = Base.lproj/Main.storyboard; sourceTree = "<group>"; };
		C99E90731CB95D26001E70CC /* Assets.xcassets */ = {isa = PBXFileReference; lastKnownFileType = folder.assetcatalog; path = Assets.xcassets; sourceTree = "<group>"; };
		C99E90761CB95D26001E70CC /* Base */ = {isa = PBXFileReference; lastKnownFileType = file.storyboard; name = Base; path = Base.lproj/LaunchScreen.storyboard; sourceTree = "<group>"; };
		C99E90781CB95D26001E70CC /* Info.plist */ = {isa = PBXFileReference; lastKnownFileType = text.plist.xml; path = Info.plist; sourceTree = "<group>"; };
		C9EB17981CC837E300FD8EE0 /* SimpleAlertLib.xcodeproj */ = {isa = PBXFileReference; lastKnownFileType = "wrapper.pb-project"; name = SimpleAlertLib.xcodeproj; path = ../SimpleAlertLib.xcodeproj; sourceTree = "<group>"; };
/* End PBXFileReference section */

/* Begin PBXFrameworksBuildPhase section */
		C99E90661CB95D26001E70CC /* Frameworks */ = {
			isa = PBXFrameworksBuildPhase;
			buildActionMask = 2147483647;
			files = (
				C9EB179E1CC837F400FD8EE0 /* SimpleAlertLib.framework in Frameworks */,
			);
			runOnlyForDeploymentPostprocessing = 0;
		};
/* End PBXFrameworksBuildPhase section */

/* Begin PBXGroup section */
		37489B3325978FE5006BC827 /* Frameworks */ = {
			isa = PBXGroup;
			children = (
				4D6078221694AE4FED3DF871 /* Pods_SimpleAlertExample.framework */,
			);
			name = Frameworks;
			sourceTree = "<group>";
		};
		C99E90601CB95D26001E70CC = {
			isa = PBXGroup;
			children = (
				C9EB17981CC837E300FD8EE0 /* SimpleAlertLib.xcodeproj */,
				C99E906B1CB95D26001E70CC /* SimpleAlertExample */,
				C99E906A1CB95D26001E70CC /* Products */,
				37489B3325978FE5006BC827 /* Frameworks */,
			);
			sourceTree = "<group>";
		};
		C99E906A1CB95D26001E70CC /* Products */ = {
			isa = PBXGroup;
			children = (
				C99E90691CB95D26001E70CC /* SimpleAlertExample.app */,
			);
			name = Products;
			sourceTree = "<group>";
		};
		C99E906B1CB95D26001E70CC /* SimpleAlertExample */ = {
			isa = PBXGroup;
			children = (
				C99E906C1CB95D26001E70CC /* AppDelegate.swift */,
				C99E906E1CB95D26001E70CC /* ViewController.swift */,
				C99E90701CB95D26001E70CC /* Main.storyboard */,
				C99E90731CB95D26001E70CC /* Assets.xcassets */,
				C99E90751CB95D26001E70CC /* LaunchScreen.storyboard */,
				C99E90781CB95D26001E70CC /* Info.plist */,
			);
			path = SimpleAlertExample;
			sourceTree = "<group>";
		};
		C9EB17991CC837E300FD8EE0 /* Products */ = {
			isa = PBXGroup;
			children = (
				C9EB179D1CC837E300FD8EE0 /* SimpleAlertLib.framework */,
			);
			name = Products;
			sourceTree = "<group>";
		};
/* End PBXGroup section */

/* Begin PBXNativeTarget section */
		C99E90681CB95D26001E70CC /* SimpleAlertExample */ = {
			isa = PBXNativeTarget;
			buildConfigurationList = C99E907B1CB95D26001E70CC /* Build configuration list for PBXNativeTarget "SimpleAlertExample" */;
			buildPhases = (
				C99E90651CB95D26001E70CC /* Sources */,
				C99E90661CB95D26001E70CC /* Frameworks */,
				C99E90671CB95D26001E70CC /* Resources */,
				C9AF7A011CC813B9005B266C /* CopyFiles */,
			);
			buildRules = (
			);
			dependencies = (
			);
			name = SimpleAlertExample;
			productName = SimpleAlertExample;
			productReference = C99E90691CB95D26001E70CC /* SimpleAlertExample.app */;
			productType = "com.apple.product-type.application";
		};
/* End PBXNativeTarget section */

/* Begin PBXProject section */
		C99E90611CB95D26001E70CC /* Project object */ = {
			isa = PBXProject;
			attributes = {
				LastSwiftUpdateCheck = 0730;
				LastUpgradeCheck = 0730;
				ORGANIZATIONNAME = "Confusion Studios LLC";
				TargetAttributes = {
					C99E90681CB95D26001E70CC = {
						CreatedOnToolsVersion = 7.3;
						LastSwiftMigration = 0810;
					};
				};
			};
			buildConfigurationList = C99E90641CB95D26001E70CC /* Build configuration list for PBXProject "SimpleAlertExample" */;
			compatibilityVersion = "Xcode 3.2";
			developmentRegion = English;
			hasScannedForEncodings = 0;
			knownRegions = (
				English,
				en,
				Base,
			);
			mainGroup = C99E90601CB95D26001E70CC;
			productRefGroup = C99E906A1CB95D26001E70CC /* Products */;
			projectDirPath = "";
			projectReferences = (
				{
					ProductGroup = C9EB17991CC837E300FD8EE0 /* Products */;
					ProjectRef = C9EB17981CC837E300FD8EE0 /* SimpleAlertLib.xcodeproj */;
				},
			);
			projectRoot = "";
			targets = (
				C99E90681CB95D26001E70CC /* SimpleAlertExample */,
			);
		};
/* End PBXProject section */

/* Begin PBXReferenceProxy section */
		C9EB179D1CC837E300FD8EE0 /* SimpleAlertLib.framework */ = {
			isa = PBXReferenceProxy;
			fileType = wrapper.framework;
			path = SimpleAlertLib.framework;
			remoteRef = C9EB179C1CC837E300FD8EE0 /* PBXContainerItemProxy */;
			sourceTree = BUILT_PRODUCTS_DIR;
		};
/* End PBXReferenceProxy section */

/* Begin PBXResourcesBuildPhase section */
		C99E90671CB95D26001E70CC /* Resources */ = {
			isa = PBXResourcesBuildPhase;
			buildActionMask = 2147483647;
			files = (
				C99E90771CB95D26001E70CC /* LaunchScreen.storyboard in Resources */,
				C99E90741CB95D26001E70CC /* Assets.xcassets in Resources */,
				C99E90721CB95D26001E70CC /* Main.storyboard in Resources */,
			);
			runOnlyForDeploymentPostprocessing = 0;
		};
/* End PBXResourcesBuildPhase section */

/* Begin PBXSourcesBuildPhase section */
		C99E90651CB95D26001E70CC /* Sources */ = {
			isa = PBXSourcesBuildPhase;
			buildActionMask = 2147483647;
			files = (
				C99E906F1CB95D26001E70CC /* ViewController.swift in Sources */,
				C99E906D1CB95D26001E70CC /* AppDelegate.swift in Sources */,
			);
			runOnlyForDeploymentPostprocessing = 0;
		};
/* End PBXSourcesBuildPhase section */

/* Begin PBXVariantGroup section */
		C99E90701CB95D26001E70CC /* Main.storyboard */ = {
			isa = PBXVariantGroup;
			children = (
				C99E90711CB95D26001E70CC /* Base */,
			);
			name = Main.storyboard;
			sourceTree = "<group>";
		};
		C99E90751CB95D26001E70CC /* LaunchScreen.storyboard */ = {
			isa = PBXVariantGroup;
			children = (
				C99E90761CB95D26001E70CC /* Base */,
			);
			name = LaunchScreen.storyboard;
			sourceTree = "<group>";
		};
/* End PBXVariantGroup section */

/* Begin XCBuildConfiguration section */
		C99E90791CB95D26001E70CC /* Debug */ = {
			isa = XCBuildConfiguration;
			buildSettings = {
				ALWAYS_SEARCH_USER_PATHS = NO;
				CLANG_ANALYZER_NONNULL = YES;
				CLANG_CXX_LANGUAGE_STANDARD = "gnu++0x";
				CLANG_CXX_LIBRARY = "libc++";
				CLANG_ENABLE_MODULES = YES;
				CLANG_ENABLE_OBJC_ARC = YES;
				CLANG_WARN_BOOL_CONVERSION = YES;
				CLANG_WARN_CONSTANT_CONVERSION = YES;
				CLANG_WARN_DIRECT_OBJC_ISA_USAGE = YES_ERROR;
				CLANG_WARN_EMPTY_BODY = YES;
				CLANG_WARN_ENUM_CONVERSION = YES;
				CLANG_WARN_INT_CONVERSION = YES;
				CLANG_WARN_OBJC_ROOT_CLASS = YES_ERROR;
				CLANG_WARN_UNREACHABLE_CODE = YES;
				CLANG_WARN__DUPLICATE_METHOD_MATCH = YES;
				"CODE_SIGN_IDENTITY[sdk=iphoneos*]" = "iPhone Developer";
				COPY_PHASE_STRIP = NO;
				DEBUG_INFORMATION_FORMAT = dwarf;
				ENABLE_STRICT_OBJC_MSGSEND = YES;
				ENABLE_TESTABILITY = YES;
				GCC_C_LANGUAGE_STANDARD = gnu99;
				GCC_DYNAMIC_NO_PIC = NO;
				GCC_NO_COMMON_BLOCKS = YES;
				GCC_OPTIMIZATION_LEVEL = 0;
				GCC_PREPROCESSOR_DEFINITIONS = (
					"DEBUG=1",
					"$(inherited)",
				);
				GCC_WARN_64_TO_32_BIT_CONVERSION = YES;
				GCC_WARN_ABOUT_RETURN_TYPE = YES_ERROR;
				GCC_WARN_UNDECLARED_SELECTOR = YES;
				GCC_WARN_UNINITIALIZED_AUTOS = YES_AGGRESSIVE;
				GCC_WARN_UNUSED_FUNCTION = YES;
				GCC_WARN_UNUSED_VARIABLE = YES;
				IPHONEOS_DEPLOYMENT_TARGET = 9.3;
				MTL_ENABLE_DEBUG_INFO = YES;
				ONLY_ACTIVE_ARCH = YES;
				SDKROOT = iphoneos;
				SWIFT_OPTIMIZATION_LEVEL = "-Onone";
				TARGETED_DEVICE_FAMILY = "1,2";
			};
			name = Debug;
		};
		C99E907A1CB95D26001E70CC /* Release */ = {
			isa = XCBuildConfiguration;
			buildSettings = {
				ALWAYS_SEARCH_USER_PATHS = NO;
				CLANG_ANALYZER_NONNULL = YES;
				CLANG_CXX_LANGUAGE_STANDARD = "gnu++0x";
				CLANG_CXX_LIBRARY = "libc++";
				CLANG_ENABLE_MODULES = YES;
				CLANG_ENABLE_OBJC_ARC = YES;
				CLANG_WARN_BOOL_CONVERSION = YES;
				CLANG_WARN_CONSTANT_CONVERSION = YES;
				CLANG_WARN_DIRECT_OBJC_ISA_USAGE = YES_ERROR;
				CLANG_WARN_EMPTY_BODY = YES;
				CLANG_WARN_ENUM_CONVERSION = YES;
				CLANG_WARN_INT_CONVERSION = YES;
				CLANG_WARN_OBJC_ROOT_CLASS = YES_ERROR;
				CLANG_WARN_UNREACHABLE_CODE = YES;
				CLANG_WARN__DUPLICATE_METHOD_MATCH = YES;
				"CODE_SIGN_IDENTITY[sdk=iphoneos*]" = "iPhone Developer";
				COPY_PHASE_STRIP = NO;
				DEBUG_INFORMATION_FORMAT = "dwarf-with-dsym";
				ENABLE_NS_ASSERTIONS = NO;
				ENABLE_STRICT_OBJC_MSGSEND = YES;
				GCC_C_LANGUAGE_STANDARD = gnu99;
				GCC_NO_COMMON_BLOCKS = YES;
				GCC_WARN_64_TO_32_BIT_CONVERSION = YES;
				GCC_WARN_ABOUT_RETURN_TYPE = YES_ERROR;
				GCC_WARN_UNDECLARED_SELECTOR = YES;
				GCC_WARN_UNINITIALIZED_AUTOS = YES_AGGRESSIVE;
				GCC_WARN_UNUSED_FUNCTION = YES;
				GCC_WARN_UNUSED_VARIABLE = YES;
				IPHONEOS_DEPLOYMENT_TARGET = 9.3;
				MTL_ENABLE_DEBUG_INFO = NO;
				SDKROOT = iphoneos;
				TARGETED_DEVICE_FAMILY = "1,2";
				VALIDATE_PRODUCT = YES;
			};
			name = Release;
		};
		C99E907C1CB95D26001E70CC /* Debug */ = {
			isa = XCBuildConfiguration;
			buildSettings = {
				ASSETCATALOG_COMPILER_APPICON_NAME = AppIcon;
				EMBEDDED_CONTENT_CONTAINS_SWIFT = YES;
				FRAMEWORK_SEARCH_PATHS = (
					"$(inherited)",
					"$(PROJECT_DIR)",
				);
				INFOPLIST_FILE = SimpleAlertExample/Info.plist;
				IPHONEOS_DEPLOYMENT_TARGET = 14.1;
				LD_RUNPATH_SEARCH_PATHS = "$(inherited) @executable_path/Frameworks";
				PRODUCT_BUNDLE_IDENTIFIER = com.confusionStudios.SimpleAlertExample;
				PRODUCT_NAME = "$(TARGET_NAME)";
				SWIFT_VERSION = 5.0;
			};
			name = Debug;
		};
		C99E907D1CB95D26001E70CC /* Release */ = {
			isa = XCBuildConfiguration;
			buildSettings = {
				ASSETCATALOG_COMPILER_APPICON_NAME = AppIcon;
				EMBEDDED_CONTENT_CONTAINS_SWIFT = YES;
				FRAMEWORK_SEARCH_PATHS = (
					"$(inherited)",
					"$(PROJECT_DIR)",
				);
				INFOPLIST_FILE = SimpleAlertExample/Info.plist;
				IPHONEOS_DEPLOYMENT_TARGET = 14.1;
				LD_RUNPATH_SEARCH_PATHS = "$(inherited) @executable_path/Frameworks";
				PRODUCT_BUNDLE_IDENTIFIER = com.confusionStudios.SimpleAlertExample;
				PRODUCT_NAME = "$(TARGET_NAME)";
				SWIFT_VERSION = 5.0;
			};
			name = Release;
		};
/* End XCBuildConfiguration section */

/* Begin XCConfigurationList section */
		C99E90641CB95D26001E70CC /* Build configuration list for PBXProject "SimpleAlertExample" */ = {
			isa = XCConfigurationList;
			buildConfigurations = (
				C99E90791CB95D26001E70CC /* Debug */,
				C99E907A1CB95D26001E70CC /* Release */,
			);
			defaultConfigurationIsVisible = 0;
			defaultConfigurationName = Release;
		};
		C99E907B1CB95D26001E70CC /* Build configuration list for PBXNativeTarget "SimpleAlertExample" */ = {
			isa = XCConfigurationList;
			buildConfigurations = (
				C99E907C1CB95D26001E70CC /* Debug */,
				C99E907D1CB95D26001E70CC /* Release */,
			);
			defaultConfigurationIsVisible = 0;
			defaultConfigurationName = Release;
		};
/* End XCConfigurationList section */
	};
	rootObject = C99E90611CB95D26001E70CC /* Project object */;
}
